
Microsoft Visual Studio Solution File, Format Version 12.00
# Visual Studio 14
VisualStudioVersion = 14.0.23107.0
MinimumVisualStudioVersion = 10.0.40219.1
Project("{FAE04EC0-301F-11D3-BF4B-00C04F79EFBC}") = "InTheFridge.DAL", "InTheFridge.DAL\InTheFridge.DAL.csproj", "{76DD830F-40B8-401C-B931-3B39C693F9F9}"
EndProject
Project("{FAE04EC0-301F-11D3-BF4B-00C04F79EFBC}") = "InTheFridge.Model", "InTheFridge.Model\InTheFridge.Model.csproj", "{8F167F1A-10AA-4D3A-8DC3-355610B59648}"
EndProject
Project("{FAE04EC0-301F-11D3-BF4B-00C04F79EFBC}") = "InTheFridge.Contracts", "InTheFridge.Contracts\InTheFridge.Contracts.csproj", "{D0B7C068-FD04-4773-A17E-BE3A83C88B06}"
EndProject
Project("{FAE04EC0-301F-11D3-BF4B-00C04F79EFBC}") = "InTheFridge.WebUI", "InTheFridge.WebUI\InTheFridge.WebUI.csproj", "{50474257-4841-46BF-B224-5E4A0440234A}"
EndProject
Global
	GlobalSection(SolutionConfigurationPlatforms) = preSolution
		Debug|Any CPU = Debug|Any CPU
		Release|Any CPU = Release|Any CPU
	EndGlobalSection
	GlobalSection(ProjectConfigurationPlatforms) = postSolution
		{76DD830F-40B8-401C-B931-3B39C693F9F9}.Debug|Any CPU.ActiveCfg = Debug|Any CPU
		{76DD830F-40B8-401C-B931-3B39C693F9F9}.Debug|Any CPU.Build.0 = Debug|Any CPU
		{76DD830F-40B8-401C-B931-3B39C693F9F9}.Release|Any CPU.ActiveCfg = Release|Any CPU
		{76DD830F-40B8-401C-B931-3B39C693F9F9}.Release|Any CPU.Build.0 = Release|Any CPU
		{8F167F1A-10AA-4D3A-8DC3-355610B59648}.Debug|Any CPU.ActiveCfg = Debug|Any CPU
		{8F167F1A-10AA-4D3A-8DC3-355610B59648}.Debug|Any CPU.Build.0 = Debug|Any CPU
		{8F167F1A-10AA-4D3A-8DC3-355610B59648}.Release|Any CPU.ActiveCfg = Release|Any CPU
		{8F167F1A-10AA-4D3A-8DC3-355610B59648}.Release|Any CPU.Build.0 = Release|Any CPU
		{D0B7C068-FD04-4773-A17E-BE3A83C88B06}.Debug|Any CPU.ActiveCfg = Debug|Any CPU
		{D0B7C068-FD04-4773-A17E-BE3A83C88B06}.Debug|Any CPU.Build.0 = Debug|Any CPU
		{D0B7C068-FD04-4773-A17E-BE3A83C88B06}.Release|Any CPU.ActiveCfg = Release|Any CPU
		{D0B7C068-FD04-4773-A17E-BE3A83C88B06}.Release|Any CPU.Build.0 = Release|Any CPU
		{50474257-4841-46BF-B224-5E4A0440234A}.Debug|Any CPU.ActiveCfg = Debug|Any CPU
		{50474257-4841-46BF-B224-5E4A0440234A}.Debug|Any CPU.Build.0 = Debug|Any CPU
		{50474257-4841-46BF-B224-5E4A0440234A}.Release|Any CPU.ActiveCfg = Release|Any CPU
		{50474257-4841-46BF-B224-5E4A0440234A}.Release|Any CPU.Build.0 = Release|Any CPU
	EndGlobalSection
	GlobalSection(SolutionProperties) = preSolution
		HideSolutionNode = FALSE
	EndGlobalSection
EndGlobal
